
Microsoft Visual Studio Solution File, Format Version 12.00
# Visual Studio Version 17
VisualStudioVersion = 17.8.34525.116
MinimumVisualStudioVersion = 10.0.40219.1
Project("{FAE04EC0-301F-11D3-BF4B-00C04F79EFBC}") = "AskMe", "AskMe\AskMe.csproj", "{CC752456-27E0-4534-A4F0-2EBE602A5D6E}"
EndProject
Global
	GlobalSection(SolutionConfigurationPlatforms) = preSolution
		Debug|Any CPU = Debug|Any CPU
		Release|Any CPU = Release|Any CPU
	EndGlobalSection
	GlobalSection(ProjectConfigurationPlatforms) = postSolution
		{CC752456-27E0-4534-A4F0-2EBE602A5D6E}.Debug|Any CPU.ActiveCfg = Debug|Any CPU
		{CC752456-27E0-4534-A4F0-2EBE602A5D6E}.Debug|Any CPU.Build.0 = Debug|Any CPU
		{CC752456-27E0-4534-A4F0-2EBE602A5D6E}.Release|Any CPU.ActiveCfg = Release|Any CPU
		{CC752456-27E0-4534-A4F0-2EBE602A5D6E}.Release|Any CPU.Build.0 = Release|Any CPU
	EndGlobalSection
	GlobalSection(SolutionProperties) = preSolution
		HideSolutionNode = FALSE
	EndGlobalSection
	GlobalSection(ExtensibilityGlobals) = postSolution
		SolutionGuid = {50417574-3FEF-4B6B-A728-55B222C3C4A1}
	EndGlobalSection
EndGlobal
